
Microsoft Visual Studio Solution File, Format Version 12.00
# Visual Studio Version 17
VisualStudioVersion = 17.8.34511.84
MinimumVisualStudioVersion = 10.0.40219.1
Project("{FAE04EC0-301F-11D3-BF4B-00C04F79EFBC}") = "WeatherForecastApp", "WeatherForecastApp\WeatherForecastApp.csproj", "{004F6B29-6EB4-477A-9973-0CA623CC9BAF}"
EndProject
Global
	GlobalSection(SolutionConfigurationPlatforms) = preSolution
		Debug|Any CPU = Debug|Any CPU
		Release|Any CPU = Release|Any CPU
	EndGlobalSection
	GlobalSection(ProjectConfigurationPlatforms) = postSolution
		{004F6B29-6EB4-477A-9973-0CA623CC9BAF}.Debug|Any CPU.ActiveCfg = Debug|Any CPU
		{004F6B29-6EB4-477A-9973-0CA623CC9BAF}.Debug|Any CPU.Build.0 = Debug|Any CPU
		{004F6B29-6EB4-477A-9973-0CA623CC9BAF}.Release|Any CPU.ActiveCfg = Release|Any CPU
		{004F6B29-6EB4-477A-9973-0CA623CC9BAF}.Release|Any CPU.Build.0 = Release|Any CPU
	EndGlobalSection
	GlobalSection(SolutionProperties) = preSolution
		HideSolutionNode = FALSE
	EndGlobalSection
	GlobalSection(ExtensibilityGlobals) = postSolution
		SolutionGuid = {D56F264E-AA8D-4AB9-85FB-63A182D1C28F}
	EndGlobalSection
EndGlobal
